
Microsoft Visual Studio Solution File, Format Version 12.00
# Visual Studio Version 17
VisualStudioVersion = 17.4.33213.308
MinimumVisualStudioVersion = 10.0.40219.1
Project("{FAE04EC0-301F-11D3-BF4B-00C04F79EFBC}") = "Sewa_Alat_Camping_C15", "Sewa_Alat_Camping_C15\Sewa_Alat_Camping_C15.csproj", "{5EB472BB-8BDE-4686-A029-FDDD51517A57}"
EndProject
Global
	GlobalSection(SolutionConfigurationPlatforms) = preSolution
		Debug|Any CPU = Debug|Any CPU
		Release|Any CPU = Release|Any CPU
	EndGlobalSection
	GlobalSection(ProjectConfigurationPlatforms) = postSolution
		{5EB472BB-8BDE-4686-A029-FDDD51517A57}.Debug|Any CPU.ActiveCfg = Debug|Any CPU
		{5EB472BB-8BDE-4686-A029-FDDD51517A57}.Debug|Any CPU.Build.0 = Debug|Any CPU
		{5EB472BB-8BDE-4686-A029-FDDD51517A57}.Release|Any CPU.ActiveCfg = Release|Any CPU
		{5EB472BB-8BDE-4686-A029-FDDD51517A57}.Release|Any CPU.Build.0 = Release|Any CPU
	EndGlobalSection
	GlobalSection(SolutionProperties) = preSolution
		HideSolutionNode = FALSE
	EndGlobalSection
	GlobalSection(ExtensibilityGlobals) = postSolution
		SolutionGuid = {CE566330-A55B-44A7-A094-2DA5AB04F5C2}
	EndGlobalSection
EndGlobal
